# This file was autogenerated by Stack.
# You should not edit this file by hand.
# For more information, please see the documentation at:
#   https://docs.haskellstack.org/en/stable/lock_files

packages:
- completed:
    hackage: enum-text-0.5.2.1@sha256:721030bc5cc601faa39101621bc4f28e8eb4b9f461d578e897cbbacd8b25c65d,1268
    pantry-tree:
      size: 316
      sha256: 4b8bf950bc83e3f73878525603831ae733c7707721c148deda4cc7c3ec1e0e08
  original:
    hackage: enum-text-0.5.2.1
snapshots:
- completed:
    size: 585393
    url: https://raw.githubusercontent.com/commercialhaskell/stackage-snapshots/master/lts/18/0.yaml
    sha256: c632012da648385b9fa3c29f4e0afd56ead299f1c5528ee789058be410e883c0
  original: lts-18.0
